
Microsoft Visual Studio Solution File, Format Version 12.00
# Visual Studio Version 16
VisualStudioVersion = 16.0.30114.105
MinimumVisualStudioVersion = 10.0.40219.1
Project("{FAE04EC0-301F-11D3-BF4B-00C04F79EFBC}") = "R5T.T0066", "R5T.T0066\R5T.T0066.csproj", "{9BEF90CF-6501-4614-BC8B-FBDB32AD0E89}"
EndProject
Project("{FAE04EC0-301F-11D3-BF4B-00C04F79EFBC}") = "R5T.T0066.Construction", "R5T.T0066.Construction\R5T.T0066.Construction.csproj", "{2246EDA0-8C89-44AC-B097-F15010038335}"
EndProject
Global
	GlobalSection(SolutionConfigurationPlatforms) = preSolution
		Debug|Any CPU = Debug|Any CPU
		Debug|x64 = Debug|x64
		Debug|x86 = Debug|x86
		Release|Any CPU = Release|Any CPU
		Release|x64 = Release|x64
		Release|x86 = Release|x86
	EndGlobalSection
	GlobalSection(SolutionProperties) = preSolution
		HideSolutionNode = FALSE
	EndGlobalSection
	GlobalSection(ProjectConfigurationPlatforms) = postSolution
		{9BEF90CF-6501-4614-BC8B-FBDB32AD0E89}.Debug|Any CPU.ActiveCfg = Debug|Any CPU
		{9BEF90CF-6501-4614-BC8B-FBDB32AD0E89}.Debug|Any CPU.Build.0 = Debug|Any CPU
		{9BEF90CF-6501-4614-BC8B-FBDB32AD0E89}.Debug|x64.ActiveCfg = Debug|Any CPU
		{9BEF90CF-6501-4614-BC8B-FBDB32AD0E89}.Debug|x64.Build.0 = Debug|Any CPU
		{9BEF90CF-6501-4614-BC8B-FBDB32AD0E89}.Debug|x86.ActiveCfg = Debug|Any CPU
		{9BEF90CF-6501-4614-BC8B-FBDB32AD0E89}.Debug|x86.Build.0 = Debug|Any CPU
		{9BEF90CF-6501-4614-BC8B-FBDB32AD0E89}.Release|Any CPU.ActiveCfg = Release|Any CPU
		{9BEF90CF-6501-4614-BC8B-FBDB32AD0E89}.Release|Any CPU.Build.0 = Release|Any CPU
		{9BEF90CF-6501-4614-BC8B-FBDB32AD0E89}.Release|x64.ActiveCfg = Release|Any CPU
		{9BEF90CF-6501-4614-BC8B-FBDB32AD0E89}.Release|x64.Build.0 = Release|Any CPU
		{9BEF90CF-6501-4614-BC8B-FBDB32AD0E89}.Release|x86.ActiveCfg = Release|Any CPU
		{9BEF90CF-6501-4614-BC8B-FBDB32AD0E89}.Release|x86.Build.0 = Release|Any CPU
		{2246EDA0-8C89-44AC-B097-F15010038335}.Debug|Any CPU.ActiveCfg = Debug|Any CPU
		{2246EDA0-8C89-44AC-B097-F15010038335}.Debug|Any CPU.Build.0 = Debug|Any CPU
		{2246EDA0-8C89-44AC-B097-F15010038335}.Debug|x64.ActiveCfg = Debug|Any CPU
		{2246EDA0-8C89-44AC-B097-F15010038335}.Debug|x64.Build.0 = Debug|Any CPU
		{2246EDA0-8C89-44AC-B097-F15010038335}.Debug|x86.ActiveCfg = Debug|Any CPU
		{2246EDA0-8C89-44AC-B097-F15010038335}.Debug|x86.Build.0 = Debug|Any CPU
		{2246EDA0-8C89-44AC-B097-F15010038335}.Release|Any CPU.ActiveCfg = Release|Any CPU
		{2246EDA0-8C89-44AC-B097-F15010038335}.Release|Any CPU.Build.0 = Release|Any CPU
		{2246EDA0-8C89-44AC-B097-F15010038335}.Release|x64.ActiveCfg = Release|Any CPU
		{2246EDA0-8C89-44AC-B097-F15010038335}.Release|x64.Build.0 = Release|Any CPU
		{2246EDA0-8C89-44AC-B097-F15010038335}.Release|x86.ActiveCfg = Release|Any CPU
		{2246EDA0-8C89-44AC-B097-F15010038335}.Release|x86.Build.0 = Release|Any CPU
	EndGlobalSection
EndGlobal
